{
    "_meta": {
        "hash": {
            "sha256": "2c90745b81cd772d603bf79f9affd17a7670da180a936778532181274622c5a7"
        },
        "pipfile-spec": 6,
        "requires": {
            "python_version": "3.11"
        },
        "sources": [
            {
                "name": "pypi",
                "url": "https://pypi.tuna.tsinghua.edu.cn/simple",
                "verify_ssl": true
            }
        ]
    },
    "default": {},
    "develop": {}
}
